
Microsoft Visual Studio Solution File, Format Version 12.00
# Visual Studio 15
VisualStudioVersion = 15.0.28218.60
MinimumVisualStudioVersion = 10.0.40219.1
Project("{9A19103F-16F7-4668-BE54-9A1E7A4F7556}") = "MeanCards", "MeanCards\MeanCards.csproj", "{41C0366C-798E-494A-A103-D2AD95A8CEA4}"
EndProject
Project("{9A19103F-16F7-4668-BE54-9A1E7A4F7556}") = "MeanCards.WebAPI", "MeanCards.WebAPI\MeanCards.WebAPI.csproj", "{5DB7506A-35C0-46C7-BE8B-435BBF142035}"
EndProject
Project("{9A19103F-16F7-4668-BE54-9A1E7A4F7556}") = "MeanCards.Model", "MeanCards.Model\MeanCards.Model.csproj", "{23401683-4E2C-49A9-81AD-F4C4AFE71DBE}"
EndProject
Project("{2150E333-8FDC-42A3-9474-1A3956D46DE8}") = "Tests", "Tests", "{FFFAB585-BD3A-4E84-9D58-3710024B73ED}"
EndProject
Project("{9A19103F-16F7-4668-BE54-9A1E7A4F7556}") = "MeanCards.DAL", "MeanCards.DAL\MeanCards.DAL.csproj", "{0F13AF04-2DBF-45FE-BA84-59F614090F5C}"
EndProject
Project("{9A19103F-16F7-4668-BE54-9A1E7A4F7556}") = "MeanCards.Configuration", "MeanCards.Configuration\MeanCards.Configuration.csproj", "{DB4DAA47-047D-4F7B-8397-3FA919E07F57}"
EndProject
Project("{9A19103F-16F7-4668-BE54-9A1E7A4F7556}") = "MeanCards.Tests.Integration", "MeanCards.Tests.Integration\MeanCards.Tests.Integration.csproj", "{3E614006-36F0-4EF3-9664-30A7FA39EF7C}"
EndProject
Project("{9A19103F-16F7-4668-BE54-9A1E7A4F7556}") = "MeanCards.DataModel", "MeanCards.DataModel\MeanCards.DataModel.csproj", "{15222FDD-0C4A-4561-977A-A0D032BE0862}"
EndProject
Project("{2150E333-8FDC-42A3-9474-1A3956D46DE8}") = "SolutionFiles", "SolutionFiles", "{5993EBD3-A706-48B2-BAA5-CD354A0E2108}"
	ProjectSection(SolutionItems) = preProject
		.gitignore = .gitignore
		.travis.yml = .travis.yml
		README.md = README.md
	EndProjectSection
EndProject
Project("{9A19103F-16F7-4668-BE54-9A1E7A4F7556}") = "MeanCards.DAL.Interfaces", "MeanCards.DAL.Interfaces\MeanCards.DAL.Interfaces.csproj", "{4E21CCD4-4CD9-440E-AF57-31C671E6FBFC}"
EndProject
Project("{9A19103F-16F7-4668-BE54-9A1E7A4F7556}") = "MeanCards.Common", "MeanCards.Common\MeanCards.Common.csproj", "{DB5E2D3A-6324-4C8F-8F25-A533CE0F7DF0}"
EndProject
Project("{9A19103F-16F7-4668-BE54-9A1E7A4F7556}") = "MeanCards.Tests.Unit", "MeanCards.Tests.Unit\MeanCards.Tests.Unit.csproj", "{5ECF4D7B-2A96-4916-BD85-E55AF9728448}"
EndProject
Project("{9A19103F-16F7-4668-BE54-9A1E7A4F7556}") = "MeanCards.Commands", "MeanCards.Commands\MeanCards.Commands.csproj", "{8178DE60-4EB6-45FA-B8FF-C30EF073D11B}"
EndProject
Project("{FAE04EC0-301F-11D3-BF4B-00C04F79EFBC}") = "MeanCards.ViewModel", "MeanCards.ViewModel\MeanCards.ViewModel.csproj", "{D8DF19EC-81BF-4BC2-8CE0-93F0694C0468}"
EndProject
Global
	GlobalSection(SolutionConfigurationPlatforms) = preSolution
		Debug|Any CPU = Debug|Any CPU
		Release|Any CPU = Release|Any CPU
	EndGlobalSection
	GlobalSection(ProjectConfigurationPlatforms) = postSolution
		{41C0366C-798E-494A-A103-D2AD95A8CEA4}.Debug|Any CPU.ActiveCfg = Debug|Any CPU
		{41C0366C-798E-494A-A103-D2AD95A8CEA4}.Debug|Any CPU.Build.0 = Debug|Any CPU
		{41C0366C-798E-494A-A103-D2AD95A8CEA4}.Release|Any CPU.ActiveCfg = Release|Any CPU
		{41C0366C-798E-494A-A103-D2AD95A8CEA4}.Release|Any CPU.Build.0 = Release|Any CPU
		{5DB7506A-35C0-46C7-BE8B-435BBF142035}.Debug|Any CPU.ActiveCfg = Debug|Any CPU
		{5DB7506A-35C0-46C7-BE8B-435BBF142035}.Debug|Any CPU.Build.0 = Debug|Any CPU
		{5DB7506A-35C0-46C7-BE8B-435BBF142035}.Release|Any CPU.ActiveCfg = Release|Any CPU
		{5DB7506A-35C0-46C7-BE8B-435BBF142035}.Release|Any CPU.Build.0 = Release|Any CPU
		{23401683-4E2C-49A9-81AD-F4C4AFE71DBE}.Debug|Any CPU.ActiveCfg = Debug|Any CPU
		{23401683-4E2C-49A9-81AD-F4C4AFE71DBE}.Debug|Any CPU.Build.0 = Debug|Any CPU
		{23401683-4E2C-49A9-81AD-F4C4AFE71DBE}.Release|Any CPU.ActiveCfg = Release|Any CPU
		{23401683-4E2C-49A9-81AD-F4C4AFE71DBE}.Release|Any CPU.Build.0 = Release|Any CPU
		{0F13AF04-2DBF-45FE-BA84-59F614090F5C}.Debug|Any CPU.ActiveCfg = Debug|Any CPU
		{0F13AF04-2DBF-45FE-BA84-59F614090F5C}.Debug|Any CPU.Build.0 = Debug|Any CPU
		{0F13AF04-2DBF-45FE-BA84-59F614090F5C}.Release|Any CPU.ActiveCfg = Release|Any CPU
		{0F13AF04-2DBF-45FE-BA84-59F614090F5C}.Release|Any CPU.Build.0 = Release|Any CPU
		{DB4DAA47-047D-4F7B-8397-3FA919E07F57}.Debug|Any CPU.ActiveCfg = Debug|Any CPU
		{DB4DAA47-047D-4F7B-8397-3FA919E07F57}.Debug|Any CPU.Build.0 = Debug|Any CPU
		{DB4DAA47-047D-4F7B-8397-3FA919E07F57}.Release|Any CPU.ActiveCfg = Release|Any CPU
		{DB4DAA47-047D-4F7B-8397-3FA919E07F57}.Release|Any CPU.Build.0 = Release|Any CPU
		{3E614006-36F0-4EF3-9664-30A7FA39EF7C}.Debug|Any CPU.ActiveCfg = Debug|Any CPU
		{3E614006-36F0-4EF3-9664-30A7FA39EF7C}.Debug|Any CPU.Build.0 = Debug|Any CPU
		{3E614006-36F0-4EF3-9664-30A7FA39EF7C}.Release|Any CPU.ActiveCfg = Release|Any CPU
		{3E614006-36F0-4EF3-9664-30A7FA39EF7C}.Release|Any CPU.Build.0 = Release|Any CPU
		{15222FDD-0C4A-4561-977A-A0D032BE0862}.Debug|Any CPU.ActiveCfg = Debug|Any CPU
		{15222FDD-0C4A-4561-977A-A0D032BE0862}.Debug|Any CPU.Build.0 = Debug|Any CPU
		{15222FDD-0C4A-4561-977A-A0D032BE0862}.Release|Any CPU.ActiveCfg = Release|Any CPU
		{15222FDD-0C4A-4561-977A-A0D032BE0862}.Release|Any CPU.Build.0 = Release|Any CPU
		{4E21CCD4-4CD9-440E-AF57-31C671E6FBFC}.Debug|Any CPU.ActiveCfg = Debug|Any CPU
		{4E21CCD4-4CD9-440E-AF57-31C671E6FBFC}.Debug|Any CPU.Build.0 = Debug|Any CPU
		{4E21CCD4-4CD9-440E-AF57-31C671E6FBFC}.Release|Any CPU.ActiveCfg = Release|Any CPU
		{4E21CCD4-4CD9-440E-AF57-31C671E6FBFC}.Release|Any CPU.Build.0 = Release|Any CPU
		{DB5E2D3A-6324-4C8F-8F25-A533CE0F7DF0}.Debug|Any CPU.ActiveCfg = Debug|Any CPU
		{DB5E2D3A-6324-4C8F-8F25-A533CE0F7DF0}.Debug|Any CPU.Build.0 = Debug|Any CPU
		{DB5E2D3A-6324-4C8F-8F25-A533CE0F7DF0}.Release|Any CPU.ActiveCfg = Release|Any CPU
		{DB5E2D3A-6324-4C8F-8F25-A533CE0F7DF0}.Release|Any CPU.Build.0 = Release|Any CPU
		{5ECF4D7B-2A96-4916-BD85-E55AF9728448}.Debug|Any CPU.ActiveCfg = Debug|Any CPU
		{5ECF4D7B-2A96-4916-BD85-E55AF9728448}.Debug|Any CPU.Build.0 = Debug|Any CPU
		{5ECF4D7B-2A96-4916-BD85-E55AF9728448}.Release|Any CPU.ActiveCfg = Release|Any CPU
		{5ECF4D7B-2A96-4916-BD85-E55AF9728448}.Release|Any CPU.Build.0 = Release|Any CPU
		{8178DE60-4EB6-45FA-B8FF-C30EF073D11B}.Debug|Any CPU.ActiveCfg = Debug|Any CPU
		{8178DE60-4EB6-45FA-B8FF-C30EF073D11B}.Debug|Any CPU.Build.0 = Debug|Any CPU
		{8178DE60-4EB6-45FA-B8FF-C30EF073D11B}.Release|Any CPU.ActiveCfg = Release|Any CPU
		{8178DE60-4EB6-45FA-B8FF-C30EF073D11B}.Release|Any CPU.Build.0 = Release|Any CPU
		{D8DF19EC-81BF-4BC2-8CE0-93F0694C0468}.Debug|Any CPU.ActiveCfg = Debug|Any CPU
		{D8DF19EC-81BF-4BC2-8CE0-93F0694C0468}.Debug|Any CPU.Build.0 = Debug|Any CPU
		{D8DF19EC-81BF-4BC2-8CE0-93F0694C0468}.Release|Any CPU.ActiveCfg = Release|Any CPU
		{D8DF19EC-81BF-4BC2-8CE0-93F0694C0468}.Release|Any CPU.Build.0 = Release|Any CPU
	EndGlobalSection
	GlobalSection(SolutionProperties) = preSolution
		HideSolutionNode = FALSE
	EndGlobalSection
	GlobalSection(NestedProjects) = preSolution
		{3E614006-36F0-4EF3-9664-30A7FA39EF7C} = {FFFAB585-BD3A-4E84-9D58-3710024B73ED}
		{5ECF4D7B-2A96-4916-BD85-E55AF9728448} = {FFFAB585-BD3A-4E84-9D58-3710024B73ED}
	EndGlobalSection
	GlobalSection(ExtensibilityGlobals) = postSolution
		SolutionGuid = {B044247B-030E-4ACC-AA53-A76454CEC9E3}
	EndGlobalSection
EndGlobal
